
Microsoft Visual Studio Solution File, Format Version 12.00
# Visual Studio Version 16
VisualStudioVersion = 16.0.31727.386
MinimumVisualStudioVersion = 10.0.40219.1
Project("{8BC9CEB8-8B4A-11D0-8D11-00A0C91BC942}") = "Ant Sim", "Ant Sim\Ant Sim.vcxproj", "{17CD29F1-83CE-4608-93F2-9B0B07F2801F}"
EndProject
Global
	GlobalSection(SolutionConfigurationPlatforms) = preSolution
		Debug|x64 = Debug|x64
		Debug|x86 = Debug|x86
		Release|x64 = Release|x64
		Release|x86 = Release|x86
	EndGlobalSection
	GlobalSection(ProjectConfigurationPlatforms) = postSolution
		{17CD29F1-83CE-4608-93F2-9B0B07F2801F}.Debug|x64.ActiveCfg = Debug|x64
		{17CD29F1-83CE-4608-93F2-9B0B07F2801F}.Debug|x64.Build.0 = Debug|x64
		{17CD29F1-83CE-4608-93F2-9B0B07F2801F}.Debug|x86.ActiveCfg = Debug|Win32
		{17CD29F1-83CE-4608-93F2-9B0B07F2801F}.Debug|x86.Build.0 = Debug|Win32
		{17CD29F1-83CE-4608-93F2-9B0B07F2801F}.Release|x64.ActiveCfg = Release|x64
		{17CD29F1-83CE-4608-93F2-9B0B07F2801F}.Release|x64.Build.0 = Release|x64
		{17CD29F1-83CE-4608-93F2-9B0B07F2801F}.Release|x86.ActiveCfg = Release|Win32
		{17CD29F1-83CE-4608-93F2-9B0B07F2801F}.Release|x86.Build.0 = Release|Win32
	EndGlobalSection
	GlobalSection(SolutionProperties) = preSolution
		HideSolutionNode = FALSE
	EndGlobalSection
	GlobalSection(ExtensibilityGlobals) = postSolution
		SolutionGuid = {4F0E79EF-6D08-48E7-A751-74A05D958987}
	EndGlobalSection
EndGlobal
